
Microsoft Visual Studio Solution File, Format Version 12.00
# Visual Studio Version 17
VisualStudioVersion = 17.0.31612.314
MinimumVisualStudioVersion = 10.0.40219.1
Project("{FAE04EC0-301F-11D3-BF4B-00C04F79EFBC}") = "BeefISO", "BeefISO\BeefISO.csproj", "{A97F58B1-105B-4C17-AEBB-DC88657F723D}"
EndProject
Global
	GlobalSection(SolutionConfigurationPlatforms) = preSolution
		Debug|Any CPU = Debug|Any CPU
		Release|Any CPU = Release|Any CPU
	EndGlobalSection
	GlobalSection(ProjectConfigurationPlatforms) = postSolution
		{A97F58B1-105B-4C17-AEBB-DC88657F723D}.Debug|Any CPU.ActiveCfg = Debug|Any CPU
		{A97F58B1-105B-4C17-AEBB-DC88657F723D}.Debug|Any CPU.Build.0 = Debug|Any CPU
		{A97F58B1-105B-4C17-AEBB-DC88657F723D}.Release|Any CPU.ActiveCfg = Release|Any CPU
		{A97F58B1-105B-4C17-AEBB-DC88657F723D}.Release|Any CPU.Build.0 = Release|Any CPU
	EndGlobalSection
	GlobalSection(SolutionProperties) = preSolution
		HideSolutionNode = FALSE
	EndGlobalSection
	GlobalSection(ExtensibilityGlobals) = postSolution
		SolutionGuid = {601D54AE-DBBF-41D9-99E6-E8434787A0CE}
	EndGlobalSection
EndGlobal
